
Microsoft Visual Studio Solution File, Format Version 12.00
# Visual Studio Version 17
VisualStudioVersion = 17.7.33906.173
MinimumVisualStudioVersion = 10.0.40219.1
Project("{9A19103F-16F7-4668-BE54-9A1E7A4F7556}") = "Sorting", "Sorting\Sorting.csproj", "{516E8573-63FA-49EE-AF7F-CD1DAA06FC4D}"
EndProject
Project("{9A19103F-16F7-4668-BE54-9A1E7A4F7556}") = "Sorting.Tests", "Sorting.Tests\Sorting.Tests.csproj", "{CCB1CCA0-7179-41C4-AAC2-238B5ACABA38}"
EndProject
Project("{FAE04EC0-301F-11D3-BF4B-00C04F79EFBC}") = "Searching", "Searching\Searching.csproj", "{B45C59C9-0A99-475E-A078-E6BF91569DEB}"
EndProject
Project("{FAE04EC0-301F-11D3-BF4B-00C04F79EFBC}") = "Searching.Tests", "Searching.Tests\Searching.Tests.csproj", "{6E33759B-95D4-4DCE-B29D-1BA60C879AA4}"
EndProject
Global
	GlobalSection(SolutionConfigurationPlatforms) = preSolution
		Debug|Any CPU = Debug|Any CPU
		Release|Any CPU = Release|Any CPU
	EndGlobalSection
	GlobalSection(ProjectConfigurationPlatforms) = postSolution
		{516E8573-63FA-49EE-AF7F-CD1DAA06FC4D}.Debug|Any CPU.ActiveCfg = Debug|Any CPU
		{516E8573-63FA-49EE-AF7F-CD1DAA06FC4D}.Debug|Any CPU.Build.0 = Debug|Any CPU
		{516E8573-63FA-49EE-AF7F-CD1DAA06FC4D}.Release|Any CPU.ActiveCfg = Release|Any CPU
		{516E8573-63FA-49EE-AF7F-CD1DAA06FC4D}.Release|Any CPU.Build.0 = Release|Any CPU
		{CCB1CCA0-7179-41C4-AAC2-238B5ACABA38}.Debug|Any CPU.ActiveCfg = Debug|Any CPU
		{CCB1CCA0-7179-41C4-AAC2-238B5ACABA38}.Debug|Any CPU.Build.0 = Debug|Any CPU
		{CCB1CCA0-7179-41C4-AAC2-238B5ACABA38}.Release|Any CPU.ActiveCfg = Release|Any CPU
		{CCB1CCA0-7179-41C4-AAC2-238B5ACABA38}.Release|Any CPU.Build.0 = Release|Any CPU
		{B45C59C9-0A99-475E-A078-E6BF91569DEB}.Debug|Any CPU.ActiveCfg = Debug|Any CPU
		{B45C59C9-0A99-475E-A078-E6BF91569DEB}.Debug|Any CPU.Build.0 = Debug|Any CPU
		{B45C59C9-0A99-475E-A078-E6BF91569DEB}.Release|Any CPU.ActiveCfg = Release|Any CPU
		{B45C59C9-0A99-475E-A078-E6BF91569DEB}.Release|Any CPU.Build.0 = Release|Any CPU
		{6E33759B-95D4-4DCE-B29D-1BA60C879AA4}.Debug|Any CPU.ActiveCfg = Debug|Any CPU
		{6E33759B-95D4-4DCE-B29D-1BA60C879AA4}.Debug|Any CPU.Build.0 = Debug|Any CPU
		{6E33759B-95D4-4DCE-B29D-1BA60C879AA4}.Release|Any CPU.ActiveCfg = Release|Any CPU
		{6E33759B-95D4-4DCE-B29D-1BA60C879AA4}.Release|Any CPU.Build.0 = Release|Any CPU
	EndGlobalSection
	GlobalSection(SolutionProperties) = preSolution
		HideSolutionNode = FALSE
	EndGlobalSection
	GlobalSection(ExtensibilityGlobals) = postSolution
		SolutionGuid = {B5B27D58-3610-4826-82D2-C8EDE5A51477}
	EndGlobalSection
EndGlobal
